# This file was autogenerated by Stack.
# You should not edit this file by hand.
# For more information, please see the documentation at:
#   https://docs.haskellstack.org/en/stable/lock_files

packages: []
snapshots:
- completed:
    size: 621066
    url: https://raw.githubusercontent.com/commercialhaskell/stackage-snapshots/master/nightly/2021/12/26.yaml
    sha256: b0ce4f7d53851f1e875b52df2a8a20d77c65883d8350b997580ded88eec0a4b2
  original: nightly-2021-12-26
